
Microsoft Visual Studio Solution File, Format Version 12.00
# Visual Studio Version 17
VisualStudioVersion = 17.7.34202.233
MinimumVisualStudioVersion = 10.0.40219.1
Project("{FAE04EC0-301F-11D3-BF4B-00C04F79EFBC}") = "practica 5", "practica 5\practica 5.csproj", "{83F9249D-EB44-47A1-B0E9-ED9BB6C42099}"
EndProject
Global
	GlobalSection(SolutionConfigurationPlatforms) = preSolution
		Debug|Any CPU = Debug|Any CPU
		Release|Any CPU = Release|Any CPU
	EndGlobalSection
	GlobalSection(ProjectConfigurationPlatforms) = postSolution
		{83F9249D-EB44-47A1-B0E9-ED9BB6C42099}.Debug|Any CPU.ActiveCfg = Debug|Any CPU
		{83F9249D-EB44-47A1-B0E9-ED9BB6C42099}.Debug|Any CPU.Build.0 = Debug|Any CPU
		{83F9249D-EB44-47A1-B0E9-ED9BB6C42099}.Release|Any CPU.ActiveCfg = Release|Any CPU
		{83F9249D-EB44-47A1-B0E9-ED9BB6C42099}.Release|Any CPU.Build.0 = Release|Any CPU
	EndGlobalSection
	GlobalSection(SolutionProperties) = preSolution
		HideSolutionNode = FALSE
	EndGlobalSection
	GlobalSection(ExtensibilityGlobals) = postSolution
		SolutionGuid = {2CC7CB7F-9E60-4038-8B98-276298DA5E9E}
	EndGlobalSection
EndGlobal
